# This file was autogenerated by Stack.
# You should not edit this file by hand.
# For more information, please see the documentation at:
#   https://docs.haskellstack.org/en/stable/lock_files

packages:
- completed:
    hackage: unagi-chan-0.4.1.0@sha256:2fe7e9e4fd4bda0e42762824ecd9059f20069939774406ddd54f9989b47b3e1a,8653
    pantry-tree:
      size: 2286
      sha256: 1ad7dc27bf42375ffede50d01d4e00189aa427c51ccd117049759c867401bc0c
  original:
    hackage: unagi-chan-0.4.1.0
- completed:
    hackage: xturtle-0.2.0.0@sha256:1142ac15f60ffe3a088b6858f9259a1213bcf9c5b7da14fbc56bc41615b8846a,963
    pantry-tree:
      size: 728
      sha256: d3019d4493ee61f40201ee454f7cd6e42c594111cf40dd2385972491804831bf
  original:
    hackage: xturtle-0.2.0.0
- completed:
    hackage: yjsvg-0.2.0.1@sha256:73665f08839fc2809c003b16d3644c14a7d2c17c517760ac67aaff53a63a982c,770
    pantry-tree:
      size: 210
      sha256: 8873c1b23d215000371c7db77097a644cd4f1e8bd36f0ed9883ffd28e29ca753
  original:
    hackage: yjsvg-0.2.0.1
- completed:
    hackage: HaXml-1.25.5@sha256:8f18057ffbf20e71af67a1338bde2f0c4f8e1e326230ada57cf7e967953a46c7,4380
    pantry-tree:
      size: 4076
      sha256: 69caf451bb13aea41c010f5826f9e8c892a2abcda28ad890bbf6aa9951e5c193
  original:
    hackage: HaXml-1.25.5
snapshots:
- completed:
    size: 494116
    url: https://raw.githubusercontent.com/commercialhaskell/stackage-snapshots/master/lts/13/3.yaml
    sha256: d9b0ca796c677a8fd429009d09afc6c9efe260b8789c264ce11641e3e727466f
  original: lts-13.3
